{"SurveyEntry":{"SurveyID":"SV_5bbgwCfPt0OttKB","SurveyName":"Force - domain expansion - pre-registered replication","SurveyDescription":null,"SurveyOwnerID":"UR_4U53s07cvZalUrO","SurveyBrandID":"yale","DivisionID":null,"SurveyLanguage":"EN","SurveyActiveResponseSet":"RS_8Jk3Mj3DubzNYix","SurveyStatus":"Active","SurveyStartDate":"0000-00-00 00:00:00","SurveyExpirationDate":"0000-00-00 00:00:00","SurveyCreationDate":"2018-08-27 13:44:46","CreatorID":"UR_4U53s07cvZalUrO","LastModified":"2018-10-02 09:11:23","LastAccessed":"0000-00-00 00:00:00","LastActivated":"2018-08-27 13:48:38","Deleted":null},"SurveyElements":[{"SurveyID":"SV_5bbgwCfPt0OttKB","Element":"BL","PrimaryAttribute":"Survey Blocks","SecondaryAttribute":null,"TertiaryAttribute":null,"Payload":{"0":{"Type":"Default","Description":"Sailor Test - Passengers","ID":"BL_6xRAnqH48HFbd8p","BlockElements":[{"Type":"Question","QuestionID":"QID1"},{"Type":"Question","QuestionID":"QID49"},{"Type":"Page Break"},{"Type":"Question","QuestionID":"QID30"},{"Type":"Question","QuestionID":"QID42"},{"Type":"Page Break"},{"Type":"Question","QuestionID":"QID35"},{"Type":"Question","QuestionID":"QID43"}],"Options":{"BlockLocking":"false","RandomizeQuestions":"false","Randomization":{"EvenPresentation":false},"BlockVisibility":"Collapsed"}},"1":{"Type":"Trash","Description":"Trash \/ Unused Questions","ID":"BL_6KW0rS5jRpjw80B","BlockElements":[{"Type":"Question","QuestionID":"QID41"},{"Type":"Question","QuestionID":"QID64"},{"Type":"Question","QuestionID":"QID65"},{"Type":"Question","QuestionID":"QID56"},{"Type":"Question","QuestionID":"QID57"},{"Type":"Question","QuestionID":"QID40"},{"Type":"Question","QuestionID":"QID48"},{"Type":"Question","QuestionID":"QID36"},{"Type":"Question","QuestionID":"QID44"}]},"4":{"Type":"Standard","Description":"demographics","ID":"BL_9MoxCLacL4JOYjb","BlockElements":[{"Type":"Question","QuestionID":"QID10"},{"Type":"Question","QuestionID":"QID13"},{"Type":"Question","QuestionID":"QID16"},{"Type":"Question","QuestionID":"QID17"},{"Type":"Question","QuestionID":"QID18"},{"Type":"Question","QuestionID":"QID19"}],"Options":{"BlockLocking":"false","RandomizeQuestions":"false","BlockVisibility":"Collapsed"}},"6":{"Type":"Standard","Description":"Code","ID":"BL_e569qMkzJmk2JOl","BlockElements":[{"Type":"Question","QuestionID":"QID23"}]},"9":{"Type":"Standard","SubType":"","Description":"Consent","ID":"BL_eJ6NyoGblphTLzD","BlockElements":[{"Type":"Question","QuestionID":"QID34"}],"Options":{"BlockLocking":"false","RandomizeQuestions":"false","BlockVisibility":"Collapsed"}},"10":{"Type":"Standard","Description":"Captain Test - Passengers","ID":"BL_efA8MNj34x9lxaJ","BlockElements":[{"Type":"Question","QuestionID":"QID37"},{"Type":"Question","QuestionID":"QID45"},{"Type":"Page Break"},{"Type":"Question","QuestionID":"QID38"},{"Type":"Question","QuestionID":"QID46"},{"Type":"Page Break"},{"Type":"Question","QuestionID":"QID39"},{"Type":"Question","QuestionID":"QID47"}],"Options":{"BlockLocking":false,"RandomizeQuestions":"false","Randomization":{"EvenPresentation":false},"BlockVisibility":"Collapsed"}},"11":{"Type":"Standard","Description":"Sailor Test - Cargo","ID":"BL_2sNrSKF6E64UduJ","BlockElements":[{"Type":"Question","QuestionID":"QID50"},{"Type":"Question","QuestionID":"QID51"},{"Type":"Page Break"},{"Type":"Question","QuestionID":"QID52"},{"Type":"Question","QuestionID":"QID53"},{"Type":"Page Break"},{"Type":"Question","QuestionID":"QID54"},{"Type":"Question","QuestionID":"QID55"}],"Options":{"BlockLocking":false,"RandomizeQuestions":"false","Randomization":{"EvenPresentation":false},"BlockVisibility":"Collapsed"}},"12":{"Type":"Standard","Description":"Captain Test - Cargo","ID":"BL_3z6cnmQrrsvJgbP","BlockElements":[{"Type":"Question","QuestionID":"QID58"},{"Type":"Question","QuestionID":"QID59"},{"Type":"Page Break"},{"Type":"Question","QuestionID":"QID60"},{"Type":"Question","QuestionID":"QID61"},{"Type":"Page Break"},{"Type":"Question","QuestionID":"QID62"},{"Type":"Question","QuestionID":"QID63"}],"Options":{"BlockLocking":false,"RandomizeQuestions":"false","Randomization":{"EvenPresentation":false},"BlockVisibility":"Collapsed"}}}},{"SurveyID":"SV_5bbgwCfPt0OttKB","Element":"BR","PrimaryAttribute":"FL_11","SecondaryAttribute":null,"TertiaryAttribute":null,"Payload":{"FL_22":0,"ID":"FL_11"}},{"SurveyID":"SV_5bbgwCfPt0OttKB","Element":"FL","PrimaryAttribute":"Survey Flow","SecondaryAttribute":null,"TertiaryAttribute":null,"Payload":{"Type":"Root","FlowID":"FL_1","Flow":[{"Type":"Standard","ID":"BL_eJ6NyoGblphTLzD","FlowID":"FL_15"},{"Type":"BlockRandomizer","FlowID":"FL_11","SubSet":1,"EvenPresentation":true,"Flow":[{"Type":"Block","ID":"BL_3z6cnmQrrsvJgbP","FlowID":"FL_22"},{"Type":"Block","ID":"BL_2sNrSKF6E64UduJ","FlowID":"FL_25"},{"Type":"Block","ID":"BL_efA8MNj34x9lxaJ","FlowID":"FL_24"},{"Type":"Block","ID":"BL_6xRAnqH48HFbd8p","FlowID":"FL_23"}]},{"Type":"Standard","ID":"BL_9MoxCLacL4JOYjb","FlowID":"FL_5"}],"Properties":{"Count":26,"RemovedFieldsets":[]}}},{"SurveyID":"SV_5bbgwCfPt0OttKB","Element":"SO","PrimaryAttribute":"Survey Options","SecondaryAttribute":null,"TertiaryAttribute":null,"Payload":{"BackButton":"false","SaveAndContinue":"true","SurveyProtection":"PublicSurvey","BallotBoxStuffingPrevention":"false","OneCompletePerIP":"false","SurveyExpiration":null,"SurveyTermination":"DisplayMessage","Header":"","Footer":"","ProgressBarDisplay":"None","PartialData":"+1 week","ValidationMessage":null,"PreviousButton":"  <<  ","NextButton":"  >>  ","SkinLibrary":"Qualtrics","SkinType":"MQ","Skin":"v4qualtrics2","NewScoring":1,"libraryId":"","nextButtonMid":"","previousButtonMid":"","headerMid":"","footerMid":"","QuestionsPerPage":"","ExternalCSS":null,"CustomStyles":{"errorStyles":{"selector":".Skin .ValidationError","styles":{"color":null,"backgroundColor":null,"borderColor":null}},"errorStylesBG":{"selector":".Skin .HeaderValidationError, .Skin .HeaderValidationError li a","styles":{"color":null,"backgroundColor":null}},"pageStyles":{"selector":"#SurveyEngineBody","styles":{"backgroundColor":null}},"textStyles":{"selector":".SkinInner","styles":{"fontFamily":null,"fontSize":null,"fontWeight":null,"fontStyle":null,"textDecoration":null,"color":null}},"questionStyles":{"selector":".Skin .QuestionText","styles":{"fontFamily":null,"fontSize":null,"fontWeight":null,"fontStyle":null,"textDecoration":null,"color":null}},"choiceStyles":{"selector":".Skin .horizontalbar th.ylabel, .Skin .Matrix table td, .Skin .Matrix table th, .Skin .Matrix table thead th, .Skin .Matrix table thead td, .Skin .PGR .DragAndDrop .Items label, .Skin .QuestionBody ul.ChoiceStructure, .Skin .PGR .DragAndDrop .Group ul, .Skin .PGR .DragAndDrop .Group h2, .Skin .PGR .DragAndDrop .Items ul, .Skin .PGR .DragAndDrop .Items h2, .Skin .DD .QuestionBody table.ChoiceStructure, .Skin .PGR .DragAndDrop .NoColumns td.groupsContainerTd div ul, .Skin .PGR .DragAndDrop .NoColumns td.groupsContainerTd div h2, .Skin .SBS thead th, .Skin .SBS td, .Skin .SBS .Answers td, .Skin .SBS .Answers th, .SBS table.ChoiceStructure, .Skin .horizontalbar thead table.LabelDescriptions tr td, .Skin .horizontalbar thead tr td.NotApplicable, .QuestionBody th, .Skin .QuestionBody .MC .MAVR label, .Skin .QuestionBody .MC .SAVR label, .Skin .SBS thead th, .Skin .SBS td, .Skin .RO .DND ul li, .Skin .reg, .SkinInner .ChoiceStructure, .Skin thead, .Skin .GAP .ChoiceStructure thead th, .Skin .GAP .ChoiceStructure .c4, .Skin .GAP .ChoiceStructure th, .Skin .GAP .ChoiceStructure .WhyText, .SkinInner .ChoiceStructure .LightBG, .Skin .QuestionOuter.Highlight .Inner .reg, .Skin .QuestionOuter.Highlight .Inner .alt, .Skin .QuestionOuter.Highlight .Inner .ReadableAlt       ","styles":{"fontFamily":null,"fontSize":null,"fontWeight":null,"fontStyle":null,"textDecoration":null,"color":null}},"headerStyles":{"selector":".Skin div#Header","styles":{"color":null}},"footerStyles":{"selector":".Skin #Footer","styles":{"color":null}},"questionSeparatorStyles":{"selector":".Skin .Separator","styles":{"backgroundColor":null,"display":"block"}},"highlightStyles":{"selector":".Skin .QuestionOuter.Highlight .Inner, .Skin .QuestionOuter.Highlight .Inner .reg, .Skin .QuestionOuter.Highlight .Inner .alt, .Skin .QuestionOuter.Highlight .Inner .ReadableAlt","styles":{"backgroundColor":null}},"highlightStylesAlt":{"selector":".Skin .QuestionOuter.Highlight .Inner .ReadableAlt, .Skin .QuestionOuter.Highlight .Inner .LightBG","styles":{"backgroundColor":null}},"textEntryStyles":{"selector":".Skin select, .Skin .InputText","styles":{"color":null}},"borderStyles":{"selector":".Skin .CS .horizontalbar table.sliderGrid tr.xlabel th, .Skin .CS .horizontalbar .ylabel, .Skin .CS .horizontalbar table.sliderGrid tr td.value, .Skin .Slider .horizontalbar table.sliderGrid tr.xlabel th, .Skin .BorderColor, .Skin .DarkBorderColor, .Skin .Slider .horizontalbar table.sliderGrid tr td.value, .Skin thead, .Skin .GAP .ChoiceStructure thead th  ","styles":{"borderColor":null}},"altRowStyles":{"selector":".Skin .ReadableAlt, .Skin .LightBG","styles":{"backgroundColor":null}},"customCSS":null},"HighlightQuestions":"off","EOSMessage":"MS_82M8A9G5OvtDo1v","ShowExportTags":"false","CollectGeoLocation":"false","SurveyTitle":"Survey | Qualtrics Survey Software","SurveyMetaDescription":"Survey Software, Enterprise Survey software for enterprise feedback management and CRM solutions. Enables high-quality data collection, panel management and results analysis. Perfect for market research or CRM solution (Customer Relationship Management) integration. Free trial and consultation.","PasswordProtection":"No","AnonymizeResponse":"No","Password":"","RefererCheck":"No","NoIndex":"No","RefererURL":"http:\/\/","EOSMessageLibrary":"UR_4U53s07cvZalUrO","EOSRedirectURL":"https:\/\/","EmailThankYou":"false","ThankYouEmailMessageLibrary":null,"ThankYouEmailMessage":null,"ValidateMessage":"false","ValidationMessageLibrary":null,"InactiveSurvey":"DefaultMessage","InactiveMessageLibrary":"","InactiveMessage":"","AvailableLanguages":{"EN":[]},"ProtectSelectionIds":true,"PageTransition":"Slide","SecureResponseFiles":"false","RecaptchaV3":"false","ResponseSummary":"No","PartialDataCloseAfter":"LastActivity","ActiveResponseSet":null}},{"SurveyID":"SV_5bbgwCfPt0OttKB","Element":"SCO","PrimaryAttribute":"Scoring","SecondaryAttribute":null,"TertiaryAttribute":null,"Payload":{"ScoringCategories":[],"ScoringCategoryGroups":[],"ScoringSummaryCategory":null,"ScoringSummaryAfterQuestions":0,"ScoringSummaryAfterSurvey":0,"DefaultScoringCategory":null,"AutoScoringCategory":null}},{"SurveyID":"SV_5bbgwCfPt0OttKB","Element":"PROJ","PrimaryAttribute":"CORE","SecondaryAttribute":null,"TertiaryAttribute":"1.1.0","Payload":{"ProjectCategory":"CORE","SchemaVersion":"1.1.0"}},{"SurveyID":"SV_5bbgwCfPt0OttKB","Element":"STAT","PrimaryAttribute":"Survey Statistics","SecondaryAttribute":null,"TertiaryAttribute":null,"Payload":{"MobileCompatible":true,"ID":"Survey Statistics"}},{"SurveyID":"SV_5bbgwCfPt0OttKB","Element":"QC","PrimaryAttribute":"Survey Question Count","SecondaryAttribute":"65","TertiaryAttribute":null,"Payload":null},{"SurveyID":"SV_5bbgwCfPt0OttKB","Element":"RS","PrimaryAttribute":"RS_8Jk3Mj3DubzNYix","SecondaryAttribute":"Default Response Set","TertiaryAttribute":null,"Payload":null},{"SurveyID":"SV_5bbgwCfPt0OttKB","Element":"SQ","PrimaryAttribute":"QID13","SecondaryAttribute":"How religious are\nyou?","TertiaryAttribute":null,"Payload":{"QuestionText":"<strong><span style=\"font-size: 16px;\"><span style=\"font-family: times new roman,times,serif;\">How religious are you?<\/span><\/span><\/strong>","DataExportTag":"religion","QuestionType":"MC","Selector":"SAHR","SubSelector":"TX","Configuration":{"QuestionDescriptionOption":"UseText","LabelPosition":"BELOW"},"QuestionDescription":"How religious are\nyou?","Choices":{"1":{"Display":"Not at All Religious"},"2":{"Display":"&nbsp;"},"3":{"Display":"&nbsp;"},"4":{"Display":"&nbsp;"},"5":{"Display":"&nbsp;"},"6":{"Display":"Extremely Religious"}},"ChoiceOrder":["1","2","3","4","5","6"],"Validation":{"Settings":{"ForceResponseType":"ON","Type":"None"}},"GradingData":[{"ChoiceID":"1","Grades":{"Grade":"1"},"index":0},{"ChoiceID":"2","Grades":{"Grade":"2"},"index":1},{"ChoiceID":"3","Grades":{"Grade":"3"},"index":2},{"ChoiceID":"4","Grades":{"Grade":"4"},"index":3},{"ChoiceID":"5","Grades":{"Grade":"5"},"index":4},{"ChoiceID":"6","Grades":{"Grade":"6"},"index":5}],"Language":[],"QuestionID":"QID13"}},{"SurveyID":"SV_5bbgwCfPt0OttKB","Element":"SQ","PrimaryAttribute":"QID35","SecondaryAttribute":"Now please rate how much you agree or disagree with the following statement:The captain forced th...","TertiaryAttribute":null,"Payload":{"QuestionText":"<span style=\"font-size:16px;\"><span style=\"font-size:13px;\">Now please rate how much you agree or disagree with the following statement:<\/span><br>\n<br><\/span><span style=\"font-size: 16px;\">The captain forced the sailor to throw the passengers overboard.<\/span>","DefaultChoices":false,"DataExportTag":"STP_Capt","QuestionID":"QID35","QuestionType":"Slider","Selector":"HSLIDER","DataVisibility":{"Private":false,"Hidden":false},"Configuration":{"QuestionDescriptionOption":"UseText","CSSliderMin":0,"CSSliderMax":100,"GridLines":10,"SnapToGrid":false,"NumDecimals":"0","ShowValue":false,"CustomStart":true,"SliderStartPositions":{"1":0.5},"NotApplicable":false,"MobileFirst":true},"QuestionDescription":"Now please rate how much you agree or disagree with the following statement:The captain forced th...","Choices":{"1":{"Display":"Agreement rating:"}},"ChoiceOrder":[1],"Validation":{"Settings":{"ForceResponse":"OFF","ForceResponseType":"ON","Type":"None"}},"GradingData":[],"Language":[],"NextChoiceId":8,"NextAnswerId":3,"Labels":{"1":{"Display":"Disagree"},"2":{"Display":"Agree"}}}},{"SurveyID":"SV_5bbgwCfPt0OttKB","Element":"SQ","PrimaryAttribute":"QID54","SecondaryAttribute":"Now please rate how much you agree or disagree with the following statement:The captain forced th...","TertiaryAttribute":null,"Payload":{"QuestionText":"<span style=\"font-size:16px;\"><span style=\"font-size:13px;\">Now please rate how much you agree or disagree with the following statement:<\/span><br>\n<br><\/span><span style=\"font-size: 16px;\">The captain forced the sailor to throw the cargo overboard.<\/span>","DefaultChoices":false,"DataExportTag":"STC_Capt","QuestionID":"QID54","QuestionType":"Slider","Selector":"HSLIDER","DataVisibility":{"Private":false,"Hidden":false},"Configuration":{"QuestionDescriptionOption":"UseText","CSSliderMin":0,"CSSliderMax":100,"GridLines":10,"SnapToGrid":false,"NumDecimals":"0","ShowValue":false,"CustomStart":true,"NotApplicable":false,"MobileFirst":true,"SliderStartPositions":{"1":0.5}},"QuestionDescription":"Now please rate how much you agree or disagree with the following statement:The captain forced th...","Choices":{"1":{"Display":"Agreement rating:"}},"ChoiceOrder":[1],"Validation":{"Settings":{"ForceResponse":"OFF","ForceResponseType":"ON","Type":"None"}},"GradingData":[],"Language":[],"NextChoiceId":8,"NextAnswerId":3,"Labels":{"1":{"Display":"Disagree"},"2":{"Display":"Agree"}}}},{"SurveyID":"SV_5bbgwCfPt0OttKB","Element":"SQ","PrimaryAttribute":"QID36","SecondaryAttribute":"Now we would like you to consider the first question again. Please tell us whether you agree or d...","TertiaryAttribute":null,"Payload":{"QuestionText":"<span style=\"font-size: 13px;\"><em><strong>Now we would like you to consider the first question again. Please tell us whether you agree or disagree with this statement now:<\/strong><\/em><\/span><div><span style=\"font-size: 13px;\"><strong><em><br><\/em><\/strong><\/span><div><br><span style=\"font-size: 16px;\">The sailor was forced to throw the passengers overboard by the captain.<\/span><\/div><\/div>","DataExportTag":"STP_Sail2","QuestionType":"MC","Selector":"SAHR","SubSelector":"TX","Configuration":{"QuestionDescriptionOption":"UseText","LabelPosition":"BELOW"},"QuestionDescription":"Now we would like you to consider the first question again. Please tell us whether you agree or d...","Choices":{"1":{"Display":"Disagree"},"2":{"Display":"&nbsp;"},"3":{"Display":"&nbsp;"},"4":{"Display":"In between"},"5":{"Display":"&nbsp;"},"6":{"Display":"&nbsp;"},"7":{"Display":"Agree"}},"ChoiceOrder":[1,2,3,4,5,6,7],"Validation":{"Settings":{"ForceResponse":"OFF","ForceResponseType":"ON","Type":"None"}},"Language":[],"QuestionID":"QID36"}},{"SurveyID":"SV_5bbgwCfPt0OttKB","Element":"SQ","PrimaryAttribute":"QID40","SecondaryAttribute":"Now we would like you to consider the first question again. Please tell us whether you agree or d...","TertiaryAttribute":null,"Payload":{"QuestionText":"<div><span style=\"font-size: 13px;\"><em><strong>Now we would like you to consider the first question again. Please tell us whether you agree or disagree with this statement now:<\/strong><\/em><\/span><\/div><div><span style=\"font-size: 13px;\"><strong><em><br><\/em><\/strong><\/span><div><br>\n<span style=\"font-size: 16px;\">The captain forced the sailor to throw the passengers overboard. <\/span><\/div><\/div>","QuestionType":"MC","Selector":"SAHR","SubSelector":"TX","Configuration":{"QuestionDescriptionOption":"UseText","LabelPosition":"BELOW"},"QuestionDescription":"Now we would like you to consider the first question again. Please tell us whether you agree or d...","Choices":{"1":{"Display":"Disagree"},"2":{"Display":"&nbsp;"},"3":{"Display":"&nbsp;"},"4":{"Display":"In between"},"5":{"Display":"&nbsp;"},"6":{"Display":"&nbsp;"},"7":{"Display":"Agree"}},"ChoiceOrder":[1,2,3,4,5,6,7],"Validation":{"Settings":{"ForceResponse":"OFF","ForceResponseType":"ON","Type":"None"}},"Language":[],"QuestionText_Unsafe":"<span style=\"font-size: 13px;\"><em><strong>Now we would like to give you a chance to revise your answer to the first question. You do not have to change your answer if you do not want to.<\/strong><\/em><br>\n<br>\nPlease tell us whether you agree or disagree with the following statement:<\/span>\n<div><br>\n<span style=\"font-size: 16px;\">The captain was forced to throw the expensive cargo overboard. <\/span><\/div>","DataExportTag":"CTP_Capt2","QuestionID":"QID40"}},{"SurveyID":"SV_5bbgwCfPt0OttKB","Element":"SQ","PrimaryAttribute":"QID56","SecondaryAttribute":"Now we would like you to consider the first question again. Please tell us whether you agree or d...","TertiaryAttribute":null,"Payload":{"QuestionText":"<span style=\"font-size: 13px;\"><em><strong>Now we would like you to consider the first question again. Please tell us whether you agree or disagree with this statement now:<\/strong><\/em><\/span><div><span style=\"font-size: 13px;\"><strong><em><br><\/em><\/strong><\/span><div><br><span style=\"font-size: 16px;\">The sailor was forced to throw the cargo overboard by the captain.<\/span><\/div><\/div>","QuestionType":"MC","Selector":"SAHR","SubSelector":"TX","Configuration":{"QuestionDescriptionOption":"UseText","LabelPosition":"BELOW"},"QuestionDescription":"Now we would like you to consider the first question again. Please tell us whether you agree or d...","Choices":{"1":{"Display":"Disagree"},"2":{"Display":"&nbsp;"},"3":{"Display":"&nbsp;"},"4":{"Display":"In between"},"5":{"Display":"&nbsp;"},"6":{"Display":"&nbsp;"},"7":{"Display":"Agree"}},"ChoiceOrder":[1,2,3,4,5,6,7],"Validation":{"Settings":{"ForceResponse":"OFF","ForceResponseType":"ON","Type":"None"}},"Language":[],"QuestionText_Unsafe":"<span style=\"font-size: 13px;\"><em><strong>Now we would like you to consider the first question again. Please tell us whether you agree or disagree with this statement now:<\/strong><\/em><\/span><div><span style=\"font-size: 13px;\"><strong><em><br><\/em><\/strong><\/span><div><br><span style=\"font-size: 16px;\">The sailor was forced to throw the passengers overboard by the captain.<\/span><\/div><\/div>","DataExportTag":"STC_Sail2","QuestionID":"QID56"}},{"SurveyID":"SV_5bbgwCfPt0OttKB","Element":"SQ","PrimaryAttribute":"QID64","SecondaryAttribute":"Now we would like you to consider the first question again. Please tell us whether you agree or d...","TertiaryAttribute":null,"Payload":{"QuestionText":"<div><span style=\"font-size: 13px;\"><em><strong>Now we would like you to consider the first question again. Please tell us whether you agree or disagree with this statement now:<\/strong><\/em><\/span><\/div><div><span style=\"font-size: 13px;\"><strong><em><br><\/em><\/strong><\/span><div><br>\n<span style=\"font-size: 16px;\">The captain forced the sailor to throw the cargo overboard. <\/span><\/div><\/div>","QuestionType":"MC","Selector":"SAHR","SubSelector":"TX","Configuration":{"QuestionDescriptionOption":"UseText","LabelPosition":"BELOW"},"QuestionDescription":"Now we would like you to consider the first question again. Please tell us whether you agree or d...","Choices":{"1":{"Display":"Disagree"},"2":{"Display":"&nbsp;"},"3":{"Display":"&nbsp;"},"4":{"Display":"In between"},"5":{"Display":"&nbsp;"},"6":{"Display":"&nbsp;"},"7":{"Display":"Agree"}},"ChoiceOrder":[1,2,3,4,5,6,7],"Validation":{"Settings":{"ForceResponse":"OFF","ForceResponseType":"ON","Type":"None"}},"Language":[],"QuestionText_Unsafe":"<div><span style=\"font-size: 13px;\"><em><strong>Now we would like you to consider the first question again. Please tell us whether you agree or disagree with this statement now:<\/strong><\/em><\/span><\/div><div><span style=\"font-size: 13px;\"><strong><em><br><\/em><\/strong><\/span><div><br>\n<span style=\"font-size: 16px;\">The captain forced the sailor to throw the passengers overboard. <\/span><\/div><\/div>","DataExportTag":"CTC_Capt2","QuestionID":"QID64"}},{"SurveyID":"SV_5bbgwCfPt0OttKB","Element":"SQ","PrimaryAttribute":"QID23","SecondaryAttribute":"Please click the button below to\n submit your results and receive your completion code.\n Thanks!","TertiaryAttribute":null,"Payload":{"QuestionText":"<p><em style=\"font-size: 19px;\">Please click the button below to submit your results and receive your completion code. Thanks!<\/em><\/p>","DefaultChoices":false,"DataExportTag":"code","QuestionType":"DB","Selector":"TB","Configuration":{"QuestionDescriptionOption":"UseText"},"QuestionDescription":"Please click the button below to\n submit your results and receive your completion code.\n Thanks!","ChoiceOrder":[],"Validation":{"Settings":{"Type":"None"}},"GradingData":[],"Language":[],"QuestionID":"QID23"}},{"SurveyID":"SV_5bbgwCfPt0OttKB","Element":"SQ","PrimaryAttribute":"QID34","SecondaryAttribute":"Please consider this information carefully before deciding whether to participate in this researc...","TertiaryAttribute":null,"Payload":{"QuestionText":"<div style=\"text-align: center;\">Please consider this information carefully before deciding whether to participate in this research.<\/div>\n\n<p><br>\nThe purpose of this research is to examine which factors influence social judgment and decision-making.&nbsp;You will be asked to make judgments about individuals and actions in social scenarios. We are simply interested in your judgment. The study will take less than 5 minutes to complete, and you will receive $0.25 on Amazon Mechanical Turk. There are no anticipated risks associated with participating&nbsp;in this study. The effects of participating should be comparable to those you would ordinarily experience&nbsp;from viewing a computer monitor and using a mouse or keyboard for a similar amount of time. At the end&nbsp;of the study, we will provide an explanation of the questions that motivate this line of research and will&nbsp;describe the potential implications.<br>\n<br>\nYour participation in this study is completely voluntary and you may refuse to participate or you may &nbsp;choose to withdraw at any time without penalty or loss of benefits to which you are otherwise entitled.&nbsp;Your participation in this study will remain confidential. No personally identifiable information will be&nbsp;associated with your data. Also, all analyses of the data will be averaged across all the participants, so your&nbsp;individual responses will never be specifically analyzed.&nbsp;<br>\n<br>\nIf you have questions or concerns about your participation or payment or want to request a summary&nbsp;of research findings, please contact the research manager: Josiah Nunziato, nunziato@fas.harvard.edu,&nbsp;(617) 495-3177. For any other problems related to this study, you may also contact the faculty member&nbsp;supervising this work: Fiery Cushman, cushman@fas.harvard.edu.<br>\n<br>\nFor questions, concerns, suggestions, or complaints that have not been or cannot be addressed by the&nbsp;researcher, or to report research-related harm, please contact the Committee on the Use of Human Subjects&nbsp;in Research at Harvard University, 1414 Massachusetts Avenue, Second Floor, Cambridge, MA 02138.&nbsp;Phone: 617-496-2847. Email: cuhs@fas.harvard.edu<br>\n<br>\nPlease print or save a copy of this form for your records.<\/p>\n\n<p style=\"text-align: center;\"><br>\nAgreement:&nbsp;<\/p>\n\n<p><br>\nThe nature and purpose of this research have been sufficiently explained and I agree to participate in&nbsp;this study. I understand that I am free to withdraw at any time without incurring any penalty.Please consent by clicking the button below to continue. Otherwise, please exit the study at this time.<\/p>","DefaultChoices":false,"DataExportTag":"Consent","QuestionType":"DB","Selector":"TB","Configuration":{"QuestionDescriptionOption":"UseText"},"QuestionDescription":"Please consider this information carefully before deciding whether to participate in this researc...","ChoiceOrder":[],"Validation":{"Settings":{"Type":"None"}},"GradingData":[],"Language":[],"QuestionID":"QID34"}},{"SurveyID":"SV_5bbgwCfPt0OttKB","Element":"SQ","PrimaryAttribute":"QID38","SecondaryAttribute":"Please rate how much you agree or disagree with the following statement: The captain forced the s...","TertiaryAttribute":null,"Payload":{"QuestionText":"<span style=\"font-size:16px;\"><span style=\"font-size:13px;\">Please rate how much you agree or disagree with the following statement:<\/span><br>\n<br>\nThe captain forced the sailor to throw the passengers overboard. <\/span>","DefaultChoices":false,"DataExportTag":"CTP_Capt1","QuestionID":"QID38","QuestionType":"Slider","Selector":"HSLIDER","DataVisibility":{"Private":false,"Hidden":false},"Configuration":{"QuestionDescriptionOption":"UseText","CSSliderMin":0,"CSSliderMax":100,"GridLines":10,"SnapToGrid":false,"NumDecimals":"0","ShowValue":false,"CustomStart":true,"NotApplicable":false,"MobileFirst":true,"SliderStartPositions":{"1":0.5}},"QuestionDescription":"Please rate how much you agree or disagree with the following statement: The captain forced the s...","Choices":{"1":{"Display":"Agreement rating:"}},"ChoiceOrder":[1],"Validation":{"Settings":{"ForceResponse":"OFF","ForceResponseType":"ON","Type":"None"}},"GradingData":[],"Language":[],"NextChoiceId":8,"NextAnswerId":3,"Labels":{"1":{"Display":"Disagree"},"2":{"Display":"Agree"}}}},{"SurveyID":"SV_5bbgwCfPt0OttKB","Element":"SQ","PrimaryAttribute":"QID60","SecondaryAttribute":"Please rate how much you agree or disagree with the following statement: The captain forced the s...","TertiaryAttribute":null,"Payload":{"QuestionText":"<span style=\"font-size:16px;\"><span style=\"font-size:13px;\">Please rate how much you agree or disagree with the following statement:<\/span><br>\n<br>\nThe captain forced the sailor to throw the cargo overboard. <\/span>","DefaultChoices":false,"DataExportTag":"CTC_Capt1","QuestionID":"QID60","QuestionType":"Slider","Selector":"HSLIDER","DataVisibility":{"Private":false,"Hidden":false},"Configuration":{"QuestionDescriptionOption":"UseText","CSSliderMin":0,"CSSliderMax":100,"GridLines":10,"SnapToGrid":false,"NumDecimals":"0","ShowValue":false,"CustomStart":true,"NotApplicable":false,"MobileFirst":true,"SliderStartPositions":{"8":0.5}},"QuestionDescription":"Please rate how much you agree or disagree with the following statement: The captain forced the s...","Choices":{"8":{"Display":"Agreement rating:"}},"ChoiceOrder":["8"],"Validation":{"Settings":{"ForceResponse":"OFF","ForceResponseType":"ON","Type":"None"}},"GradingData":[],"Language":[],"NextChoiceId":9,"NextAnswerId":3,"Labels":{"1":{"Display":"Disagree"},"2":{"Display":"Agree"}}}},{"SurveyID":"SV_5bbgwCfPt0OttKB","Element":"SQ","PrimaryAttribute":"QID39","SecondaryAttribute":"Please rate how much you agree or disagree with the following statement: The sailor was forced to...","TertiaryAttribute":null,"Payload":{"QuestionText":"<span style=\"font-size:16px;\"><span style=\"font-size:13px;\">Please rate how much you agree or disagree with the following statement:<\/span><br>\n<br>\nThe sailor was forced to throw the passengers overboard by the captain. <\/span>","DefaultChoices":false,"DataExportTag":"CTP_Sail","QuestionID":"QID39","QuestionType":"Slider","Selector":"HSLIDER","DataVisibility":{"Private":false,"Hidden":false},"Configuration":{"QuestionDescriptionOption":"UseText","CSSliderMin":0,"CSSliderMax":100,"GridLines":10,"SnapToGrid":false,"NumDecimals":"0","ShowValue":false,"CustomStart":true,"NotApplicable":false,"MobileFirst":true,"SliderStartPositions":{"1":0.5}},"QuestionDescription":"Please rate how much you agree or disagree with the following statement: The sailor was forced to...","Choices":{"1":{"Display":"Agreement rating:"}},"ChoiceOrder":[1],"Validation":{"Settings":{"ForceResponse":"OFF","ForceResponseType":"ON","Type":"None"}},"GradingData":[],"Language":[],"NextChoiceId":8,"NextAnswerId":3,"Labels":{"1":{"Display":"Disagree"},"2":{"Display":"Agree"}}}},{"SurveyID":"SV_5bbgwCfPt0OttKB","Element":"SQ","PrimaryAttribute":"QID62","SecondaryAttribute":"Please rate how much you agree or disagree with the following statement: The sailor was forced to...","TertiaryAttribute":null,"Payload":{"QuestionText":"<span style=\"font-size:16px;\"><span style=\"font-size:13px;\">Please rate how much you agree or disagree with the following statement:<\/span><br>\n<br>\nThe sailor was forced to throw the cargo overboard by the captain. <\/span>","DefaultChoices":false,"DataExportTag":"CTC_Sail","QuestionID":"QID62","QuestionType":"Slider","Selector":"HSLIDER","DataVisibility":{"Private":false,"Hidden":false},"Configuration":{"QuestionDescriptionOption":"UseText","CSSliderMin":0,"CSSliderMax":100,"GridLines":10,"SnapToGrid":false,"NumDecimals":"0","ShowValue":false,"CustomStart":true,"NotApplicable":false,"MobileFirst":true,"SliderStartPositions":{"1":0.498039215686270020366777089293464086949825286865234375}},"QuestionDescription":"Please rate how much you agree or disagree with the following statement: The sailor was forced to...","Choices":{"1":{"Display":"Agreement rating:"}},"ChoiceOrder":[1],"Validation":{"Settings":{"ForceResponse":"OFF","ForceResponseType":"ON","Type":"None"}},"GradingData":[],"Language":[],"NextChoiceId":8,"NextAnswerId":3,"Labels":{"1":{"Display":"Disagree"},"2":{"Display":"Agree"}}}},{"SurveyID":"SV_5bbgwCfPt0OttKB","Element":"SQ","PrimaryAttribute":"QID30","SecondaryAttribute":"Please rate how much you agree or disagree with the following statement:The sailor was forced to...","TertiaryAttribute":null,"Payload":{"QuestionText":"<span style=\"font-size:16px;\"><span style=\"font-size:13px;\">Please rate how much you agree or disagree with the following statement:<\/span><br>\n<br><\/span><span style=\"font-size: 16px;\">The sailor was forced to throw the passengers overboard by the captain.<\/span>","DefaultChoices":false,"DataExportTag":"STP_Sail1","QuestionID":"QID30","QuestionType":"Slider","Selector":"HSLIDER","DataVisibility":{"Private":false,"Hidden":false},"Configuration":{"QuestionDescriptionOption":"UseText","CSSliderMin":0,"CSSliderMax":100,"GridLines":10,"SnapToGrid":false,"NumDecimals":"0","ShowValue":false,"CustomStart":true,"NotApplicable":false,"MobileFirst":true,"SliderStartPositions":{"1":0.5}},"QuestionDescription":"Please rate how much you agree or disagree with the following statement:The sailor was forced to...","Choices":{"1":{"Display":"Agreement rating:"}},"ChoiceOrder":[1],"Validation":{"Settings":{"ForceResponse":"OFF","ForceResponseType":"ON","Type":"None"}},"GradingData":[],"Language":[],"NextChoiceId":8,"NextAnswerId":3,"Labels":{"1":{"Display":"Disagree"},"2":{"Display":"Agree"}}}},{"SurveyID":"SV_5bbgwCfPt0OttKB","Element":"SQ","PrimaryAttribute":"QID52","SecondaryAttribute":"Please rate how much you agree or disagree with the following statement:The sailor was forced to...","TertiaryAttribute":null,"Payload":{"QuestionText":"<span style=\"font-size:16px;\"><span style=\"font-size:13px;\">Please rate how much you agree or disagree with the following statement:<\/span><br>\n<br><\/span><span style=\"font-size: 16px;\">The sailor was forced to throw the cargo overboard by the captain.<\/span>","DefaultChoices":false,"DataExportTag":"STC_Sail1","QuestionID":"QID52","QuestionType":"Slider","Selector":"HSLIDER","DataVisibility":{"Private":false,"Hidden":false},"Configuration":{"QuestionDescriptionOption":"UseText","CSSliderMin":0,"CSSliderMax":100,"GridLines":10,"SnapToGrid":false,"NumDecimals":"0","ShowValue":false,"CustomStart":true,"NotApplicable":false,"MobileFirst":true,"SliderStartPositions":{"1":0.5}},"QuestionDescription":"Please rate how much you agree or disagree with the following statement:The sailor was forced to...","Choices":{"1":{"Display":"Agreement rating:"}},"ChoiceOrder":[1],"Validation":{"Settings":{"ForceResponse":"OFF","ForceResponseType":"ON","Type":"None"}},"GradingData":[],"Language":[],"NextChoiceId":8,"NextAnswerId":3,"Labels":{"1":{"Display":"Disagree"},"2":{"Display":"Agree"}}}},{"SurveyID":"SV_5bbgwCfPt0OttKB","Element":"SQ","PrimaryAttribute":"QID10","SecondaryAttribute":"Political Orientation","TertiaryAttribute":null,"Payload":{"QuestionText":"<strong><span style=\"font-family: times new roman,times,serif;\"><span style=\"font-size: 16px;\">Political Orientation<\/span><\/span><\/strong>","DataExportTag":"politics","QuestionType":"MC","Selector":"SAHR","SubSelector":"TX","Configuration":{"QuestionDescriptionOption":"UseText","LabelPosition":"BELOW"},"QuestionDescription":"Political Orientation","Choices":{"1":{"Display":"Very Liberal"},"2":{"Display":"&nbsp;"},"3":{"Display":"&nbsp;"},"4":{"Display":"&nbsp;"},"5":{"Display":"&nbsp;"},"6":{"Display":"Very Conservative"}},"ChoiceOrder":["1","2","3","4","5","6"],"Validation":{"Settings":{"ForceResponseType":"ON"}},"GradingData":[{"ChoiceID":"1","Grades":{"Grade":"1"},"index":0},{"ChoiceID":"2","Grades":{"Grade":"2"},"index":1},{"ChoiceID":"3","Grades":{"Grade":"3"},"index":2},{"ChoiceID":"4","Grades":{"Grade":"4"},"index":3},{"ChoiceID":"5","Grades":{"Grade":"5"},"index":4},{"ChoiceID":"6","Grades":{"Grade":"6"},"index":5}],"Language":[],"QuestionID":"QID10"}},{"SurveyID":"SV_5bbgwCfPt0OttKB","Element":"SQ","PrimaryAttribute":"QID18","SecondaryAttribute":"Race\/Ethnicity:","TertiaryAttribute":null,"Payload":{"QuestionText":"<strong><span style=\"font-size: 16px;\"><span style=\"font-family: times new roman,times,serif;\">Race\/Ethnicity:<\/span><\/span><\/strong>","DataExportTag":"race","QuestionType":"MC","Selector":"SAHR","SubSelector":"TX","Configuration":{"QuestionDescriptionOption":"UseText","NumColumns":2,"LabelPosition":"BELOW"},"QuestionDescription":"Race\/Ethnicity:","Choices":{"1":{"Display":"White"},"2":{"Display":"Black"},"3":{"Display":"Latino\/a"},"4":{"Display":"Asian"},"5":{"Display":"Other, please specify:","TextEntry":"true"}},"ChoiceOrder":["1","2","3","4","5"],"Validation":{"Settings":{"ForceResponseType":"ON","Type":"None"}},"GradingData":[{"ChoiceID":"1","Grades":{"Grade":"1"},"index":0},{"ChoiceID":"2","Grades":{"Grade":"2"},"index":1},{"ChoiceID":"3","Grades":{"Grade":"3"},"index":2},{"ChoiceID":"4","Grades":{"Grade":"4"},"index":3},{"ChoiceID":"5","Grades":{"Grade":"5"},"index":4}],"Language":[],"QuestionID":"QID18"}},{"SurveyID":"SV_5bbgwCfPt0OttKB","Element":"SQ","PrimaryAttribute":"QID1","SecondaryAttribute":"Thank you for agreeing to participate in our study! Please consider the following scenario. While...","TertiaryAttribute":null,"Payload":{"QuestionText":"<p><span style=\"font-size: 16px;\">Thank you for agreeing to participate in our study! Please consider the following scenario.<\/span><\/p><p><br><\/p><p><br><\/p><p><span style=\"font-size: 16px;\">While sailing on the sea, a large storm came upon a captain and his ship. As the waves began to grow larger, the captain realized that his small vessel was too heavy and the ship would flood if he didn\u2019t make it lighter.<\/span><\/p><p>&nbsp;<\/p><p><span style=\"font-size: 16px;\">The only things on the captain's small boat were a single sailor, some small but expensive cargo that he was transporting, and a number of passengers. He knew he had to throw something overboard to keep the ship from capsizing. Thinking quickly, the captain ordered the sailor to throw the passengers overboard. While the passengers sank to the bottom of the sea, the captain and his ship survived the storm and returned home safely.<\/span><\/p>","DefaultChoices":false,"DataExportTag":"STP_Vign","QuestionType":"DB","Selector":"TB","Configuration":{"QuestionDescriptionOption":"UseText"},"QuestionDescription":"Thank you for agreeing to participate in our study! Please consider the following scenario. While...","ChoiceOrder":[],"Validation":{"Settings":{"Type":"None"}},"GradingData":[],"Language":[],"QuestionID":"QID1","DataVisibility":{"Private":false,"Hidden":false},"NextChoiceId":1,"NextAnswerId":1}},{"SurveyID":"SV_5bbgwCfPt0OttKB","Element":"SQ","PrimaryAttribute":"QID37","SecondaryAttribute":"Thank you for agreeing to participate in our study! Please consider the following scenario. While...","TertiaryAttribute":null,"Payload":{"QuestionText":"<p><span style=\"font-size: 16px;\">Thank you for agreeing to participate in our study! Please consider the following scenario.<\/span><\/p><p><span style=\"font-size:16px;\"><br><\/span><\/p><p><span style=\"font-size:16px;\"><br><\/span><\/p><p><span style=\"font-size:16px;\">While sailing on the sea, a large storm came upon a captain and his ship. As the waves began to grow larger, the captain realized that his small vessel was too heavy and the ship would flood if he didn\u2019t make it lighter. <\/span><\/p>\n\n<p>&nbsp;<\/p>\n\n<p><span style=\"font-size:16px;\">The only things on the captain's small boat were a single sailor, some small but expensive cargo that he was transporting, and a number of passengers. He knew he had to throw something overboard to keep the ship from capsizing. Thinking quickly, the captain ordered the sailor to throw the passengers overboard. While the passengers sank to the bottom of the sea, the captain and his ship survived the storm and returned home safely.<\/span><\/p>","DefaultChoices":false,"QuestionType":"DB","Selector":"TB","Configuration":{"QuestionDescriptionOption":"UseText"},"QuestionDescription":"Thank you for agreeing to participate in our study! Please consider the following scenario. While...","ChoiceOrder":[],"Validation":{"Settings":{"Type":"None"}},"GradingData":[],"Language":[],"QuestionText_Unsafe":"<p><span style=\"font-size: 16px;\">Thank you for agreeing to participate in our study! Please imagine the following scenario.<\/span><\/p><p><span style=\"font-size:16px;\"><br><\/span><\/p><p><span style=\"font-size:16px;\"><br><\/span><\/p><p><span style=\"font-size:16px;\">While sailing on the sea, a large storm came upon a captain and his ship. As the waves began to grow larger, the captain realized that his small vessel was too heavy and the ship would flood if he didn\u2019t make it lighter. <\/span><\/p>\n\n<p>&nbsp;<\/p>\n\n<p><span style=\"font-size:16px;\">The only things on the captain's small boat were a single sailor, some small but expensive cargo that he was transporting, and a number of passengers. He knew he had to throw something overboard to keep the ship from capsizing. Thinking quickly, the captain ordered the sailor to throw expensive cargo overboard. While the expensive cargo sank to the bottom of the sea, the captain and his ship survived the storm and returned home safely.<\/span><\/p>","DataExportTag":"CTP_Vign","QuestionID":"QID37"}},{"SurveyID":"SV_5bbgwCfPt0OttKB","Element":"SQ","PrimaryAttribute":"QID50","SecondaryAttribute":"Thank you for agreeing to participate in our study! Please consider the following scenario. While...","TertiaryAttribute":null,"Payload":{"QuestionText":"<p><span style=\"font-size: 16px;\">Thank you for agreeing to participate in our study! Please consider the following scenario.<\/span><\/p><p><br><\/p><p><br><\/p><p><span style=\"font-size: 16px;\">While sailing on the sea, a large storm came upon a captain and his ship. As the waves began to grow larger, the captain realized that his small vessel was too heavy and the ship would flood if he didn\u2019t make it lighter.<\/span><\/p><p>&nbsp;<\/p><p><span style=\"font-size: 16px;\">The only things on the captain's small boat were a single sailor, some small but expensive cargo that he was transporting, and a number of passengers. He knew he had to throw something overboard to keep the ship from capsizing. Thinking quickly, the captain ordered the sailor to throw the cargo overboard. While the cargo sank to the bottom of the sea, the captain and his ship survived the storm and returned home safely.<\/span><\/p>","DefaultChoices":false,"QuestionType":"DB","Selector":"TB","Configuration":{"QuestionDescriptionOption":"UseText"},"QuestionDescription":"Thank you for agreeing to participate in our study! Please consider the following scenario. While...","ChoiceOrder":[],"Validation":{"Settings":{"Type":"None"}},"GradingData":[],"Language":[],"QuestionText_Unsafe":"<p><span style=\"font-size: 16px;\">Thank you for agreeing to participate in our study! Please consider the following scenario.<\/span><\/p><p><br><\/p><p><br><\/p><p><span style=\"font-size: 16px;\">While sailing on the sea, a large storm came upon a captain and his ship. As the waves began to grow larger, the captain realized that his small vessel was too heavy and the ship would flood if he didn\u2019t make it lighter.<\/span><\/p><p>&nbsp;<\/p><p><span style=\"font-size: 16px;\">The only things on the captain's small boat were a single sailor, some small but expensive cargo that he was transporting, and a number of passengers. He knew he had to throw something overboard to keep the ship from capsizing. Thinking quickly, the captain ordered the sailor to throw the passengers overboard. While the passengers sank to the bottom of the sea, the captain and his ship survived the storm and returned home safely.<\/span><\/p>","DataExportTag":"STC_Vign","QuestionID":"QID50"}},{"SurveyID":"SV_5bbgwCfPt0OttKB","Element":"SQ","PrimaryAttribute":"QID58","SecondaryAttribute":"Thank you for agreeing to participate in our study! Please consider the following scenario. While...","TertiaryAttribute":null,"Payload":{"QuestionText":"<p><span style=\"font-size: 16px;\">Thank you for agreeing to participate in our study! Please consider the following scenario.<\/span><\/p><p><span style=\"font-size:16px;\"><br><\/span><\/p><p><span style=\"font-size:16px;\"><br><\/span><\/p><p><span style=\"font-size:16px;\">While sailing on the sea, a large storm came upon a captain and his ship. As the waves began to grow larger, the captain realized that his small vessel was too heavy and the ship would flood if he didn\u2019t make it lighter. <\/span><\/p>\n\n<p>&nbsp;<\/p>\n\n<p><span style=\"font-size:16px;\">The only things on the captain's small boat were a single sailor, some small but expensive cargo that he was transporting, and a number of passengers. He knew he had to throw something overboard to keep the ship from capsizing. Thinking quickly, the captain ordered the sailor to throw the cargo overboard. While the cargo sank to the bottom of the sea, the captain and his ship survived the storm and returned home safely.<\/span><\/p>","DefaultChoices":false,"QuestionType":"DB","Selector":"TB","Configuration":{"QuestionDescriptionOption":"UseText"},"QuestionDescription":"Thank you for agreeing to participate in our study! Please consider the following scenario. While...","ChoiceOrder":[],"Validation":{"Settings":{"Type":"None"}},"GradingData":[],"Language":[],"QuestionText_Unsafe":"<p><span style=\"font-size: 16px;\">Thank you for agreeing to participate in our study! Please consider the following scenario.<\/span><\/p><p><span style=\"font-size:16px;\"><br><\/span><\/p><p><span style=\"font-size:16px;\"><br><\/span><\/p><p><span style=\"font-size:16px;\">While sailing on the sea, a large storm came upon a captain and his ship. As the waves began to grow larger, the captain realized that his small vessel was too heavy and the ship would flood if he didn\u2019t make it lighter. <\/span><\/p>\n\n<p>&nbsp;<\/p>\n\n<p><span style=\"font-size:16px;\">The only things on the captain's small boat were a single sailor, some small but expensive cargo that he was transporting, and a number of passengers. He knew he had to throw something overboard to keep the ship from capsizing. Thinking quickly, the captain ordered the sailor to throw the passengers overboard. While the passengers sank to the bottom of the sea, the captain and his ship survived the storm and returned home safely.<\/span><\/p>","DataExportTag":"CTC_Vign","QuestionID":"QID58","DataVisibility":{"Private":false,"Hidden":false},"NextChoiceId":1,"NextAnswerId":1}},{"SurveyID":"SV_5bbgwCfPt0OttKB","Element":"SQ","PrimaryAttribute":"QID41","SecondaryAttribute":"Timing","TertiaryAttribute":null,"Payload":{"QuestionText":"Timing","DefaultChoices":false,"DataExportTag":"sailTimeV","QuestionType":"Timing","Selector":"PageTimer","Configuration":{"QuestionDescriptionOption":"UseText","MinSeconds":"0","MaxSeconds":"0"},"QuestionDescription":"Timing","Choices":{"1":{"Display":"First Click"},"2":{"Display":"Last Click"},"3":{"Display":"Page Submit"},"4":{"Display":"Click Count"}},"GradingData":[],"Language":[],"QuestionID":"QID41"}},{"SurveyID":"SV_5bbgwCfPt0OttKB","Element":"SQ","PrimaryAttribute":"QID42","SecondaryAttribute":"Timing","TertiaryAttribute":null,"Payload":{"QuestionText":"Timing","DefaultChoices":false,"DataExportTag":"STP_Time1","QuestionType":"Timing","Selector":"PageTimer","Configuration":{"QuestionDescriptionOption":"UseText","MinSeconds":"0","MaxSeconds":"0"},"QuestionDescription":"Timing","Choices":{"1":{"Display":"First Click"},"2":{"Display":"Last Click"},"3":{"Display":"Page Submit"},"4":{"Display":"Click Count"}},"GradingData":[],"Language":[],"QuestionID":"QID42"}},{"SurveyID":"SV_5bbgwCfPt0OttKB","Element":"SQ","PrimaryAttribute":"QID43","SecondaryAttribute":"Timing","TertiaryAttribute":null,"Payload":{"QuestionText":"Timing","DefaultChoices":false,"DataExportTag":"STP_Time2","QuestionType":"Timing","Selector":"PageTimer","Configuration":{"QuestionDescriptionOption":"UseText","MinSeconds":"0","MaxSeconds":"0"},"QuestionDescription":"Timing","Choices":{"1":{"Display":"First Click"},"2":{"Display":"Last Click"},"3":{"Display":"Page Submit"},"4":{"Display":"Click Count"}},"GradingData":[],"Language":[],"QuestionID":"QID43"}},{"SurveyID":"SV_5bbgwCfPt0OttKB","Element":"SQ","PrimaryAttribute":"QID44","SecondaryAttribute":"Timing","TertiaryAttribute":null,"Payload":{"QuestionText":"Timing","DefaultChoices":false,"DataExportTag":"STP_Time3","QuestionType":"Timing","Selector":"PageTimer","Configuration":{"QuestionDescriptionOption":"UseText","MinSeconds":"0","MaxSeconds":"0"},"QuestionDescription":"Timing","Choices":{"1":{"Display":"First Click"},"2":{"Display":"Last Click"},"3":{"Display":"Page Submit"},"4":{"Display":"Click Count"}},"GradingData":[],"Language":[],"QuestionID":"QID44"}},{"SurveyID":"SV_5bbgwCfPt0OttKB","Element":"SQ","PrimaryAttribute":"QID45","SecondaryAttribute":"Timing","TertiaryAttribute":null,"Payload":{"QuestionText":"Timing","DefaultChoices":false,"DataExportTag":"CTP_TimeV","QuestionType":"Timing","Selector":"PageTimer","Configuration":{"QuestionDescriptionOption":"UseText","MinSeconds":"0","MaxSeconds":"0"},"QuestionDescription":"Timing","Choices":{"1":{"Display":"First Click"},"2":{"Display":"Last Click"},"3":{"Display":"Page Submit"},"4":{"Display":"Click Count"}},"GradingData":[],"Language":[],"QuestionID":"QID45"}},{"SurveyID":"SV_5bbgwCfPt0OttKB","Element":"SQ","PrimaryAttribute":"QID46","SecondaryAttribute":"Timing","TertiaryAttribute":null,"Payload":{"QuestionText":"Timing","DefaultChoices":false,"DataExportTag":"CTP_Time1","QuestionType":"Timing","Selector":"PageTimer","Configuration":{"QuestionDescriptionOption":"UseText","MinSeconds":"0","MaxSeconds":"0"},"QuestionDescription":"Timing","Choices":{"1":{"Display":"First Click"},"2":{"Display":"Last Click"},"3":{"Display":"Page Submit"},"4":{"Display":"Click Count"}},"GradingData":[],"Language":[],"QuestionID":"QID46"}},{"SurveyID":"SV_5bbgwCfPt0OttKB","Element":"SQ","PrimaryAttribute":"QID47","SecondaryAttribute":"Timing","TertiaryAttribute":null,"Payload":{"QuestionText":"Timing","DefaultChoices":false,"DataExportTag":"CTP_Time2","QuestionType":"Timing","Selector":"PageTimer","Configuration":{"QuestionDescriptionOption":"UseText","MinSeconds":"0","MaxSeconds":"0"},"QuestionDescription":"Timing","Choices":{"1":{"Display":"First Click"},"2":{"Display":"Last Click"},"3":{"Display":"Page Submit"},"4":{"Display":"Click Count"}},"GradingData":[],"Language":[],"QuestionID":"QID47"}},{"SurveyID":"SV_5bbgwCfPt0OttKB","Element":"SQ","PrimaryAttribute":"QID48","SecondaryAttribute":"Timing","TertiaryAttribute":null,"Payload":{"QuestionText":"Timing","DefaultChoices":false,"DataExportTag":"CTP_Time3","QuestionType":"Timing","Selector":"PageTimer","Configuration":{"QuestionDescriptionOption":"UseText","MinSeconds":"0","MaxSeconds":"0"},"QuestionDescription":"Timing","Choices":{"1":{"Display":"First Click"},"2":{"Display":"Last Click"},"3":{"Display":"Page Submit"},"4":{"Display":"Click Count"}},"GradingData":[],"Language":[],"QuestionID":"QID48"}},{"SurveyID":"SV_5bbgwCfPt0OttKB","Element":"SQ","PrimaryAttribute":"QID49","SecondaryAttribute":"Timing","TertiaryAttribute":null,"Payload":{"QuestionText":"Timing","DefaultChoices":false,"DataExportTag":"STP_TimeV","QuestionType":"Timing","Selector":"PageTimer","Configuration":{"QuestionDescriptionOption":"UseText","MinSeconds":"0","MaxSeconds":"0"},"QuestionDescription":"Timing","Choices":{"1":{"Display":"First Click"},"2":{"Display":"Last Click"},"3":{"Display":"Page Submit"},"4":{"Display":"Click Count"}},"GradingData":[],"Language":[],"QuestionID":"QID49"}},{"SurveyID":"SV_5bbgwCfPt0OttKB","Element":"SQ","PrimaryAttribute":"QID51","SecondaryAttribute":"Timing","TertiaryAttribute":null,"Payload":{"QuestionText":"Timing","DefaultChoices":false,"QuestionType":"Timing","Selector":"PageTimer","Configuration":{"QuestionDescriptionOption":"UseText","MinSeconds":"0","MaxSeconds":"0"},"QuestionDescription":"Timing","Choices":{"1":{"Display":"First Click"},"2":{"Display":"Last Click"},"3":{"Display":"Page Submit"},"4":{"Display":"Click Count"}},"GradingData":[],"Language":[],"QuestionText_Unsafe":"Timing","DataExportTag":"STC_TimeV","QuestionID":"QID51"}},{"SurveyID":"SV_5bbgwCfPt0OttKB","Element":"SQ","PrimaryAttribute":"QID53","SecondaryAttribute":"Timing","TertiaryAttribute":null,"Payload":{"QuestionText":"Timing","DefaultChoices":false,"QuestionType":"Timing","Selector":"PageTimer","Configuration":{"QuestionDescriptionOption":"UseText","MinSeconds":"0","MaxSeconds":"0"},"QuestionDescription":"Timing","Choices":{"1":{"Display":"First Click"},"2":{"Display":"Last Click"},"3":{"Display":"Page Submit"},"4":{"Display":"Click Count"}},"GradingData":[],"Language":[],"QuestionText_Unsafe":"Timing","DataExportTag":"STC_Time1","QuestionID":"QID53"}},{"SurveyID":"SV_5bbgwCfPt0OttKB","Element":"SQ","PrimaryAttribute":"QID55","SecondaryAttribute":"Timing","TertiaryAttribute":null,"Payload":{"QuestionText":"Timing","DefaultChoices":false,"QuestionType":"Timing","Selector":"PageTimer","Configuration":{"QuestionDescriptionOption":"UseText","MinSeconds":"0","MaxSeconds":"0"},"QuestionDescription":"Timing","Choices":{"1":{"Display":"First Click"},"2":{"Display":"Last Click"},"3":{"Display":"Page Submit"},"4":{"Display":"Click Count"}},"GradingData":[],"Language":[],"QuestionText_Unsafe":"Timing","DataExportTag":"STC_Time2","QuestionID":"QID55"}},{"SurveyID":"SV_5bbgwCfPt0OttKB","Element":"SQ","PrimaryAttribute":"QID57","SecondaryAttribute":"Timing","TertiaryAttribute":null,"Payload":{"QuestionText":"Timing","DefaultChoices":false,"QuestionType":"Timing","Selector":"PageTimer","Configuration":{"QuestionDescriptionOption":"UseText","MinSeconds":"0","MaxSeconds":"0"},"QuestionDescription":"Timing","Choices":{"1":{"Display":"First Click"},"2":{"Display":"Last Click"},"3":{"Display":"Page Submit"},"4":{"Display":"Click Count"}},"GradingData":[],"Language":[],"QuestionText_Unsafe":"Timing","DataExportTag":"STC_Time3","QuestionID":"QID57"}},{"SurveyID":"SV_5bbgwCfPt0OttKB","Element":"SQ","PrimaryAttribute":"QID59","SecondaryAttribute":"Timing","TertiaryAttribute":null,"Payload":{"QuestionText":"Timing","DefaultChoices":false,"QuestionType":"Timing","Selector":"PageTimer","Configuration":{"QuestionDescriptionOption":"UseText","MinSeconds":"0","MaxSeconds":"0"},"QuestionDescription":"Timing","Choices":{"1":{"Display":"First Click"},"2":{"Display":"Last Click"},"3":{"Display":"Page Submit"},"4":{"Display":"Click Count"}},"GradingData":[],"Language":[],"QuestionText_Unsafe":"Timing","DataExportTag":"CTC_TimeV","QuestionID":"QID59"}},{"SurveyID":"SV_5bbgwCfPt0OttKB","Element":"SQ","PrimaryAttribute":"QID61","SecondaryAttribute":"Timing","TertiaryAttribute":null,"Payload":{"QuestionText":"Timing","DefaultChoices":false,"QuestionType":"Timing","Selector":"PageTimer","Configuration":{"QuestionDescriptionOption":"UseText","MinSeconds":"0","MaxSeconds":"0"},"QuestionDescription":"Timing","Choices":{"1":{"Display":"First Click"},"2":{"Display":"Last Click"},"3":{"Display":"Page Submit"},"4":{"Display":"Click Count"}},"GradingData":[],"Language":[],"QuestionText_Unsafe":"Timing","DataExportTag":"CTC_Time1","QuestionID":"QID61"}},{"SurveyID":"SV_5bbgwCfPt0OttKB","Element":"SQ","PrimaryAttribute":"QID63","SecondaryAttribute":"Timing","TertiaryAttribute":null,"Payload":{"QuestionText":"Timing","DefaultChoices":false,"QuestionType":"Timing","Selector":"PageTimer","Configuration":{"QuestionDescriptionOption":"UseText","MinSeconds":"0","MaxSeconds":"0"},"QuestionDescription":"Timing","Choices":{"1":{"Display":"First Click"},"2":{"Display":"Last Click"},"3":{"Display":"Page Submit"},"4":{"Display":"Click Count"}},"GradingData":[],"Language":[],"QuestionText_Unsafe":"Timing","DataExportTag":"CTC_Time2","QuestionID":"QID63"}},{"SurveyID":"SV_5bbgwCfPt0OttKB","Element":"SQ","PrimaryAttribute":"QID65","SecondaryAttribute":"Timing","TertiaryAttribute":null,"Payload":{"QuestionText":"Timing","DefaultChoices":false,"QuestionType":"Timing","Selector":"PageTimer","Configuration":{"QuestionDescriptionOption":"UseText","MinSeconds":"0","MaxSeconds":"0"},"QuestionDescription":"Timing","Choices":{"1":{"Display":"First Click"},"2":{"Display":"Last Click"},"3":{"Display":"Page Submit"},"4":{"Display":"Click Count"}},"GradingData":[],"Language":[],"QuestionText_Unsafe":"Timing","DataExportTag":"CTC_Time3","QuestionID":"QID65"}},{"SurveyID":"SV_5bbgwCfPt0OttKB","Element":"SQ","PrimaryAttribute":"QID19","SecondaryAttribute":"What is your income\nlevel?","TertiaryAttribute":null,"Payload":{"QuestionText":"<strong><span style=\"font-size: 16px;\"><span style=\"font-family: times new roman,times,serif;\">What is your income level?<\/span><\/span><\/strong>","DataExportTag":"income","QuestionType":"MC","Selector":"SAVR","SubSelector":"TX","Configuration":{"QuestionDescriptionOption":"UseText"},"QuestionDescription":"What is your income\nlevel?","Choices":{"1":{"Display":"less than $25,000"},"2":{"Display":"$25,000 - $49,999"},"3":{"Display":"$50,000 - $74,999"},"4":{"Display":"$75,000 - $99,999"},"5":{"Display":"$100,000 - $149,999"},"6":{"Display":"$150,000 - $249,999"},"7":{"Display":"more than $250,000"}},"ChoiceOrder":["1","2","3","4","5","6","7"],"Validation":{"Settings":{"ForceResponseType":"ON","Type":"None"}},"GradingData":[{"ChoiceID":"1","Grades":{"Grade":"1"},"index":0},{"ChoiceID":"2","Grades":{"Grade":"2"},"index":1},{"ChoiceID":"3","Grades":{"Grade":"3"},"index":2},{"ChoiceID":"4","Grades":{"Grade":"4"},"index":3},{"ChoiceID":"5","Grades":{"Grade":"5"},"index":4},{"ChoiceID":"6","Grades":{"Grade":"6"},"index":5},{"ChoiceID":"7","Grades":{"Grade":"7"},"index":6}],"Language":[],"QuestionID":"QID19"}},{"SurveyID":"SV_5bbgwCfPt0OttKB","Element":"SQ","PrimaryAttribute":"QID17","SecondaryAttribute":"Your\nAge:","TertiaryAttribute":null,"Payload":{"QuestionText":"<strong><span style=\"font-size: 16px;\"><span style=\"font-family: times new roman,times,serif;\">Your Age:<\/span><\/span><\/strong>","DataExportTag":"age","QuestionType":"TE","Selector":"SL","Configuration":{"QuestionDescriptionOption":"UseText"},"QuestionDescription":"Your\nAge:","Randomization":{"Type":"None"},"Validation":{"Settings":{"ForceResponseType":"ON","Type":"None"}},"GradingData":[],"Language":[],"QuestionID":"QID17"}},{"SurveyID":"SV_5bbgwCfPt0OttKB","Element":"SQ","PrimaryAttribute":"QID16","SecondaryAttribute":"Your\nGender","TertiaryAttribute":null,"Payload":{"QuestionText":"<strong><span style=\"font-size: 16px;\"><span style=\"font-family: times new roman,times,serif;\">Your Gender<\/span><\/span><\/strong>","DataExportTag":"gender","QuestionType":"MC","Selector":"SAVR","SubSelector":"TX","Configuration":{"QuestionDescriptionOption":"UseText"},"QuestionDescription":"Your\nGender","Choices":{"1":{"Display":"Male"},"2":{"Display":"Female"}},"ChoiceOrder":["1","2"],"Validation":{"Settings":{"ForceResponseType":"ON","Type":"None"}},"GradingData":[{"ChoiceID":"1","Grades":{"Grade":"1"},"index":0},{"ChoiceID":"2","Grades":{"Grade":"2"},"index":1}],"Language":[],"QuestionID":"QID16"}}]}